{
  "version": 4,
  "terraform_version": "1.14.7",
  "serial": 28,
  "lineage": "fc82ccb8-f14b-a310-c081-1c70b57189d6",
  "outputs": {
    "cluster_endpoint": {
      "value": "https://2910849676D7B0FEAFD8053CB9FCDA08.gr7.eu-central-1.eks.amazonaws.com",
      "type": "string"
    },
    "cluster_name": {
      "value": "eks-istanbul",
      "type": "string"
    },
    "scale_to_zero": {
      "value": "aws eks update-nodegroup-config --region eu-central-1 --cluster-name eks-istanbul --nodegroup-name ng-istanbul-stress --scaling-config minSize=0,maxSize=2,desiredSize=0\naws eks update-nodegroup-config --region eu-central-1 --cluster-name eks-istanbul --nodegroup-name ng-istanbul-isolate --scaling-config minSize=0,maxSize=2,desiredSize=0\n",
      "type": "string"
    },
    "update_kubeconfig": {
      "value": "aws eks update-kubeconfig --region eu-central-1 --name eks-istanbul",
      "type": "string"
    }
  },
  "resources": [
    {
      "mode": "managed",
      "type": "aws_cloudwatch_metric_alarm",
      "name": "high_cpu",
      "provider": "provider[\"registry.terraform.io/hashicorp/aws\"]",
      "instances": [
        {
          "schema_version": 1,
          "attributes": {
            "actions_enabled": true,
            "alarm_actions": null,
            "alarm_description": "",
            "alarm_name": "eks-istanbul-high-cpu",
            "arn": "arn:aws:cloudwatch:eu-central-1:454809578403:alarm:eks-istanbul-high-cpu",
            "comparison_operator": "GreaterThanThreshold",
            "datapoints_to_alarm": 0,
            "dimensions": {
              "ClusterName": "eks-istanbul"
            },
            "evaluate_low_sample_count_percentiles": "",
            "evaluation_periods": 1,
            "extended_statistic": "",
            "id": "eks-istanbul-high-cpu",
            "insufficient_data_actions": null,
            "metric_name": "node_cpu_utilization",
            "metric_query": [],
            "namespace": "ContainerInsights",
            "ok_actions": null,
            "period": 60,
            "statistic": "Average",
            "tags": null,
            "tags_all": {},
            "threshold": 40,
            "threshold_metric_id": "",
            "treat_missing_data": "notBreaching",
            "unit": ""
          },
          "sensitive_attributes": [],
          "identity_schema_version": 0,
          "private": "eyJzY2hlbWFfdmVyc2lvbiI6IjEifQ==",
          "dependencies": [
            "aws_eks_addon.cloudwatch_observability",
            "aws_eks_cluster.istanbul",
            "aws_eks_node_group.isolate",
            "aws_eks_node_group.stress",
            "aws_iam_role.cluster",
            "aws_iam_role.node",
            "aws_iam_role_policy_attachment.cluster",
            "aws_iam_role_policy_attachment.node_cni",
            "aws_iam_role_policy_attachment.node_ecr",
            "aws_iam_role_policy_attachment.node_worker",
            "aws_subnet.cp_a",
            "aws_subnet.cp_c",
            "aws_subnet.istanbul",
            "aws_vpc.eks"
          ]
        }
      ]
    },
    {
      "mode": "managed",
      "type": "aws_eks_addon",
      "name": "cloudwatch_observability",
      "provider": "provider[\"registry.terraform.io/hashicorp/aws\"]",
      "instances": [
        {
          "schema_version": 0,
          "attributes": {
            "addon_name": "amazon-cloudwatch-observability",
            "addon_version": "v5.4.0-eksbuild.1",
            "arn": "arn:aws:eks:eu-central-1:454809578403:addon/eks-istanbul/amazon-cloudwatch-observability/f6cf24be-f4d2-6a44-f3d0-9a4c03a592ad",
            "cluster_name": "eks-istanbul",
            "configuration_values": "",
            "created_at": "2026-05-21T07:44:09Z",
            "id": "eks-istanbul:amazon-cloudwatch-observability",
            "modified_at": "2026-05-21T07:44:44Z",
            "pod_identity_association": [],
            "preserve": null,
            "resolve_conflicts": null,
            "resolve_conflicts_on_create": null,
            "resolve_conflicts_on_update": null,
            "service_account_role_arn": "",
            "tags": null,
            "tags_all": {},
            "timeouts": null
          },
          "sensitive_attributes": [],
          "identity_schema_version": 0,
          "private": "eyJlMmJmYjczMC1lY2FhLTExZTYtOGY4OC0zNDM2M2JjN2M0YzAiOnsiY3JlYXRlIjoxMjAwMDAwMDAwMDAwLCJkZWxldGUiOjI0MDAwMDAwMDAwMDAsInVwZGF0ZSI6MTIwMDAwMDAwMDAwMH19",
          "dependencies": [
            "aws_eks_cluster.istanbul",
            "aws_eks_node_group.isolate",
            "aws_eks_node_group.stress",
            "aws_iam_role.cluster",
            "aws_iam_role.node",
            "aws_iam_role_policy_attachment.cluster",
            "aws_iam_role_policy_attachment.node_cni",
            "aws_iam_role_policy_attachment.node_ecr",
            "aws_iam_role_policy_attachment.node_worker",
            "aws_subnet.cp_a",
            "aws_subnet.cp_c",
            "aws_subnet.istanbul",
            "aws_vpc.eks"
          ]
        }
      ]
    },
    {
      "mode": "managed",
      "type": "aws_eks_addon",
      "name": "coredns",
      "provider": "provider[\"registry.terraform.io/hashicorp/aws\"]",
      "instances": [
        {
          "schema_version": 0,
          "attributes": {
            "addon_name": "coredns",
            "addon_version": "v1.11.1-eksbuild.4",
            "arn": "arn:aws:eks:eu-central-1:454809578403:addon/eks-istanbul/coredns/76cf24bd-95c2-cf56-66ce-a5c7f0b80366",
            "cluster_name": "eks-istanbul",
            "configuration_values": "",
            "created_at": "2026-05-21T07:41:10Z",
            "id": "eks-istanbul:coredns",
            "modified_at": "2026-05-21T07:47:13Z",
            "pod_identity_association": [],
            "preserve": null,
            "resolve_conflicts": null,
            "resolve_conflicts_on_create": null,
            "resolve_conflicts_on_update": null,
            "service_account_role_arn": "",
            "tags": null,
            "tags_all": {},
            "timeouts": null
          },
          "sensitive_attributes": [],
          "identity_schema_version": 0,
          "private": "eyJlMmJmYjczMC1lY2FhLTExZTYtOGY4OC0zNDM2M2JjN2M0YzAiOnsiY3JlYXRlIjoxMjAwMDAwMDAwMDAwLCJkZWxldGUiOjI0MDAwMDAwMDAwMDAsInVwZGF0ZSI6MTIwMDAwMDAwMDAwMH19",
          "dependencies": [
            "aws_eks_cluster.istanbul",
            "aws_iam_role.cluster",
            "aws_iam_role_policy_attachment.cluster",
            "aws_subnet.cp_a",
            "aws_subnet.cp_c",
            "aws_vpc.eks"
          ]
        }
      ]
    },
    {
      "mode": "managed",
      "type": "aws_eks_addon",
      "name": "ebs_csi",
      "provider": "provider[\"registry.terraform.io/hashicorp/aws\"]",
      "instances": [
        {
          "status": "tainted",
          "schema_version": 0,
          "attributes": {
            "addon_name": "aws-ebs-csi-driver",
            "addon_version": null,
            "arn": null,
            "cluster_name": "eks-istanbul",
            "configuration_values": null,
            "created_at": null,
            "id": "eks-istanbul:aws-ebs-csi-driver",
            "modified_at": null,
            "pod_identity_association": [],
            "preserve": null,
            "resolve_conflicts": null,
            "resolve_conflicts_on_create": null,
            "resolve_conflicts_on_update": null,
            "service_account_role_arn": null,
            "tags": null,
            "tags_all": null,
            "timeouts": null
          },
          "sensitive_attributes": [],
          "identity_schema_version": 0,
          "private": "eyJlMmJmYjczMC1lY2FhLTExZTYtOGY4OC0zNDM2M2JjN2M0YzAiOnsiY3JlYXRlIjoxMjAwMDAwMDAwMDAwLCJkZWxldGUiOjI0MDAwMDAwMDAwMDAsInVwZGF0ZSI6MTIwMDAwMDAwMDAwMH19",
          "dependencies": [
            "aws_eks_cluster.istanbul",
            "aws_iam_role.cluster",
            "aws_iam_role_policy_attachment.cluster",
            "aws_subnet.cp_a",
            "aws_subnet.cp_c",
            "aws_vpc.eks"
          ]
        }
      ]
    },
    {
      "mode": "managed",
      "type": "aws_eks_addon",
      "name": "kube_proxy",
      "provider": "provider[\"registry.terraform.io/hashicorp/aws\"]",
      "instances": [
        {
          "schema_version": 0,
          "attributes": {
            "addon_name": "kube-proxy",
            "addon_version": "v1.29.15-eksbuild.16",
            "arn": "arn:aws:eks:eu-central-1:454809578403:addon/eks-istanbul/kube-proxy/a2cf24bd-95ca-b9a5-96be-10fd083a1de3",
            "cluster_name": "eks-istanbul",
            "configuration_values": "",
            "created_at": "2026-05-21T07:41:10Z",
            "id": "eks-istanbul:kube-proxy",
            "modified_at": "2026-05-21T07:41:17Z",
            "pod_identity_association": [],
            "preserve": null,
            "resolve_conflicts": null,
            "resolve_conflicts_on_create": null,
            "resolve_conflicts_on_update": null,
            "service_account_role_arn": "",
            "tags": null,
            "tags_all": {},
            "timeouts": null
          },
          "sensitive_attributes": [],
          "identity_schema_version": 0,
          "private": "eyJlMmJmYjczMC1lY2FhLTExZTYtOGY4OC0zNDM2M2JjN2M0YzAiOnsiY3JlYXRlIjoxMjAwMDAwMDAwMDAwLCJkZWxldGUiOjI0MDAwMDAwMDAwMDAsInVwZGF0ZSI6MTIwMDAwMDAwMDAwMH19",
          "dependencies": [
            "aws_eks_cluster.istanbul",
            "aws_iam_role.cluster",
            "aws_iam_role_policy_attachment.cluster",
            "aws_subnet.cp_a",
            "aws_subnet.cp_c",
            "aws_vpc.eks"
          ]
        }
      ]
    },
    {
      "mode": "managed",
      "type": "aws_eks_addon",
      "name": "vpc_cni",
      "provider": "provider[\"registry.terraform.io/hashicorp/aws\"]",
      "instances": [
        {
          "schema_version": 0,
          "attributes": {
            "addon_name": "vpc-cni",
            "addon_version": "v1.20.4-eksbuild.2",
            "arn": "arn:aws:eks:eu-central-1:454809578403:addon/eks-istanbul/vpc-cni/9ecf24bd-95cb-bd6e-15d7-5c633ba3818e",
            "cluster_name": "eks-istanbul",
            "configuration_values": "",
            "created_at": "2026-05-21T07:41:09Z",
            "id": "eks-istanbul:vpc-cni",
            "modified_at": "2026-05-21T07:41:17Z",
            "pod_identity_association": [],
            "preserve": null,
            "resolve_conflicts": null,
            "resolve_conflicts_on_create": null,
            "resolve_conflicts_on_update": null,
            "service_account_role_arn": "",
            "tags": null,
            "tags_all": {},
            "timeouts": null
          },
          "sensitive_attributes": [],
          "identity_schema_version": 0,
          "private": "eyJlMmJmYjczMC1lY2FhLTExZTYtOGY4OC0zNDM2M2JjN2M0YzAiOnsiY3JlYXRlIjoxMjAwMDAwMDAwMDAwLCJkZWxldGUiOjI0MDAwMDAwMDAwMDAsInVwZGF0ZSI6MTIwMDAwMDAwMDAwMH19",
          "dependencies": [
            "aws_eks_cluster.istanbul",
            "aws_iam_role.cluster",
            "aws_iam_role_policy_attachment.cluster",
            "aws_subnet.cp_a",
            "aws_subnet.cp_c",
            "aws_vpc.eks"
          ]
        }
      ]
    },
    {
      "mode": "managed",
      "type": "aws_eks_cluster",
      "name": "istanbul",
      "provider": "provider[\"registry.terraform.io/hashicorp/aws\"]",
      "instances": [
        {
          "schema_version": 1,
          "attributes": {
            "access_config": [
              {
                "authentication_mode": "CONFIG_MAP",
                "bootstrap_cluster_creator_admin_permissions": true
              }
            ],
            "arn": "arn:aws:eks:eu-central-1:454809578403:cluster/eks-istanbul",
            "bootstrap_self_managed_addons": true,
            "certificate_authority": [
              {
                "data": "LS0tLS1CRUdJTiBDRVJUSUZJQ0FURS0tLS0tCk1JSURCVENDQWUyZ0F3SUJBZ0lJRUlaZTRFVjlaMUV3RFFZSktvWklodmNOQVFFTEJRQXdGVEVUTUJFR0ExVUUKQXhNS2EzVmlaWEp1WlhSbGN6QWVGdzB5TmpBMU1qRXdOek16TXpCYUZ3MHpOakExTVRnd056TTRNekJhTUJVeApFekFSQmdOVkJBTVRDbXQxWW1WeWJtVjBaWE13Z2dFaU1BMEdDU3FHU0liM0RRRUJBUVVBQTRJQkR3QXdnZ0VLCkFvSUJBUURjUmxCTHBPUVhQWnNXb1c1dDF1aitiUGVxK3JMQ0kzby9aYU9SSzNqSHhhamN5Y0ZsV0gyeU9za2MKV2poMHRBS040cEtuTmtGdkhKRWNZQ1JvYTlxVTBWOHdEZkpZT3lNNUptVWZHdmdqN1RBdUpUVG03UWhmRGlCZApSaEl3SVgxeW1xcW9ISUxEby9lY0lKTVJ4REliV3p6QmdVS0JBdUtVa1Y3b2JVNG1xK3pTV3N4K0l5T2hDL1pkCnBLMzh0Vy9sTHQxVUxhaG9wOEdiNDlqWjZXeXV0OUk2dEJmOUF6UGkwaitBQ2JSREFWTFY4ckYyWjE0YThZdWgKcC9lbzdYc0NMRDV3WXBDbXJmaWFrUmlxUDFZdk5GN2NxNkFVMi90KzFuWmxvR3h4ZVpCckp4QmFIR2M2SVFJTApScHhmSHN0bnpReWRGMzQ2NEFKSnJLSFNJNFU3QWdNQkFBR2pXVEJYTUE0R0ExVWREd0VCL3dRRUF3SUNwREFQCkJnTlZIUk1CQWY4RUJUQURBUUgvTUIwR0ExVWREZ1FXQkJTVnBBRXhKdm5uWkF5VVYzc0NpcXpKejZZOEx6QVYKQmdOVkhSRUVEakFNZ2dwcmRXSmxjbTVsZEdWek1BMEdDU3FHU0liM0RRRUJDd1VBQTRJQkFRQnJ3dUxvQjRqZwpkY3BjYVg0YlhjOWF3TjZRbStpY0d4QnV2VXpPaWVoNEJqdEVPdEx5SnQzSzgwTU1qZGp3cCtrRnZoYlZtRDVTCkJMVmxFRXQ0dHhsbzFBdzI3QTViWjhFZmIzendtRlladldFN2hCdmI4a2Faek1EUFlVN3FnUlZCejJMZnl6WFgKcWRKa0FKZitkSHJ6cUpZNm44c010UlFxMm5wbFJ5Qno0c2dUb3R3Z0xkQ1l4T0tXWVczaC9XSVY2YlJLQ2kvaApRb25sdmZoRkJjTVQ4ZlJoQlB4QnZGakMzZFNVV3ZnN2VYa1FRSTVVMldhSTJ1STc0SnlGNkJ3YmY0aitLTjYxCmxoUEIyQkptSUliczBGdDB4TDlRSTM4WktnT0VITk5NRUxkbDhVK1hocXBCekdYWGhRVTliaWpCRU95WGgzMDcKZ1FWaFJ1Y2RaQ2ZZCi0tLS0tRU5EIENFUlRJRklDQVRFLS0tLS0K"
              }
            ],
            "cluster_id": null,
            "compute_config": [],
            "created_at": "2026-05-21T07:34:38Z",
            "enabled_cluster_log_types": null,
            "encryption_config": [],
            "endpoint": "https://2910849676D7B0FEAFD8053CB9FCDA08.gr7.eu-central-1.eks.amazonaws.com",
            "force_update_version": null,
            "id": "eks-istanbul",
            "identity": [
              {
                "oidc": [
                  {
                    "issuer": "https://oidc.eks.eu-central-1.amazonaws.com/id/2910849676D7B0FEAFD8053CB9FCDA08"
                  }
                ]
              }
            ],
            "kubernetes_network_config": [
              {
                "elastic_load_balancing": [
                  {
                    "enabled": false
                  }
                ],
                "ip_family": "ipv4",
                "service_ipv4_cidr": "172.20.0.0/16",
                "service_ipv6_cidr": ""
              }
            ],
            "name": "eks-istanbul",
            "outpost_config": [],
            "platform_version": "eks.71",
            "remote_network_config": [],
            "role_arn": "arn:aws:iam::454809578403:role/eks-istanbul-cluster-role",
            "status": "ACTIVE",
            "storage_config": [],
            "tags": {
              "auto-delete": "no"
            },
            "tags_all": {
              "auto-delete": "no"
            },
            "timeouts": null,
            "upgrade_policy": [
              {
                "support_type": "EXTENDED"
              }
            ],
            "version": "1.29",
            "vpc_config": [
              {
                "cluster_security_group_id": "sg-06c3b2e2b01385369",
                "endpoint_private_access": false,
                "endpoint_public_access": true,
                "public_access_cidrs": [
                  "0.0.0.0/0"
                ],
                "security_group_ids": null,
                "subnet_ids": [
                  "subnet-05864f506a8262a22",
                  "subnet-0e086b9b0605ccdc0"
                ],
                "vpc_id": "vpc-08593b30bf1b0b23c"
              }
            ],
            "zonal_shift_config": []
          },
          "sensitive_attributes": [],
          "identity_schema_version": 0,
          "private": "eyJlMmJmYjczMC1lY2FhLTExZTYtOGY4OC0zNDM2M2JjN2M0YzAiOnsiY3JlYXRlIjoxODAwMDAwMDAwMDAwLCJkZWxldGUiOjkwMDAwMDAwMDAwMCwidXBkYXRlIjozNjAwMDAwMDAwMDAwfSwic2NoZW1hX3ZlcnNpb24iOiIxIn0=",
          "dependencies": [
            "aws_iam_role.cluster",
            "aws_iam_role_policy_attachment.cluster",
            "aws_subnet.cp_a",
            "aws_subnet.cp_c",
            "aws_vpc.eks"
          ]
        }
      ]
    },
    {
      "mode": "managed",
      "type": "aws_eks_node_group",
      "name": "isolate",
      "provider": "provider[\"registry.terraform.io/hashicorp/aws\"]",
      "instances": [
        {
          "schema_version": 0,
          "attributes": {
            "ami_type": "AL2023_x86_64_STANDARD",
            "arn": "arn:aws:eks:eu-central-1:454809578403:nodegroup/eks-istanbul/ng-istanbul-isolate/74cf24bd-95bb-7bbf-af75-d6c6564d834b",
            "capacity_type": "ON_DEMAND",
            "cluster_name": "eks-istanbul",
            "disk_size": 20,
            "force_update_version": null,
            "id": "eks-istanbul:ng-istanbul-isolate",
            "instance_types": [
              "c7i.large"
            ],
            "labels": {
              "role": "isolate"
            },
            "launch_template": [],
            "node_group_name": "ng-istanbul-isolate",
            "node_group_name_prefix": "",
            "node_repair_config": [],
            "node_role_arn": "arn:aws:iam::454809578403:role/eks-istanbul-node-role",
            "release_version": "1.29.15-20260318",
            "remote_access": [],
            "resources": [
              {
                "autoscaling_groups": [
                  {
                    "name": "eks-ng-istanbul-isolate-74cf24bd-95bb-7bbf-af75-d6c6564d834b"
                  }
                ],
                "remote_access_security_group_id": ""
              }
            ],
            "scaling_config": [
              {
                "desired_size": 1,
                "max_size": 2,
                "min_size": 0
              }
            ],
            "status": "ACTIVE",
            "subnet_ids": [
              "subnet-0378596f6b4863894"
            ],
            "tags": {
              "auto-delete": "no"
            },
            "tags_all": {
              "auto-delete": "no"
            },
            "taint": [],
            "timeouts": null,
            "update_config": [
              {
                "max_unavailable": 1,
                "max_unavailable_percentage": 0
              }
            ],
            "version": "1.29"
          },
          "sensitive_attributes": [],
          "identity_schema_version": 0,
          "private": "eyJlMmJmYjczMC1lY2FhLTExZTYtOGY4OC0zNDM2M2JjN2M0YzAiOnsiY3JlYXRlIjozNjAwMDAwMDAwMDAwLCJkZWxldGUiOjM2MDAwMDAwMDAwMDAsInVwZGF0ZSI6MzYwMDAwMDAwMDAwMH19",
          "dependencies": [
            "aws_eks_cluster.istanbul",
            "aws_iam_role.cluster",
            "aws_iam_role.node",
            "aws_iam_role_policy_attachment.cluster",
            "aws_iam_role_policy_attachment.node_cni",
            "aws_iam_role_policy_attachment.node_ecr",
            "aws_iam_role_policy_attachment.node_worker",
            "aws_subnet.cp_a",
            "aws_subnet.cp_c",
            "aws_subnet.istanbul",
            "aws_vpc.eks"
          ]
        }
      ]
    },
    {
      "mode": "managed",
      "type": "aws_eks_node_group",
      "name": "stress",
      "provider": "provider[\"registry.terraform.io/hashicorp/aws\"]",
      "instances": [
        {
          "schema_version": 0,
          "attributes": {
            "ami_type": "AL2023_x86_64_STANDARD",
            "arn": "arn:aws:eks:eu-central-1:454809578403:nodegroup/eks-istanbul/ng-istanbul-stress/62cf24bd-95bb-758c-90f6-938552593a13",
            "capacity_type": "ON_DEMAND",
            "cluster_name": "eks-istanbul",
            "disk_size": 20,
            "force_update_version": null,
            "id": "eks-istanbul:ng-istanbul-stress",
            "instance_types": [
              "c7i.large"
            ],
            "labels": {
              "role": "stress"
            },
            "launch_template": [],
            "node_group_name": "ng-istanbul-stress",
            "node_group_name_prefix": "",
            "node_repair_config": [],
            "node_role_arn": "arn:aws:iam::454809578403:role/eks-istanbul-node-role",
            "release_version": "1.29.15-20260318",
            "remote_access": [],
            "resources": [
              {
                "autoscaling_groups": [
                  {
                    "name": "eks-ng-istanbul-stress-62cf24bd-95bb-758c-90f6-938552593a13"
                  }
                ],
                "remote_access_security_group_id": ""
              }
            ],
            "scaling_config": [
              {
                "desired_size": 1,
                "max_size": 2,
                "min_size": 0
              }
            ],
            "status": "ACTIVE",
            "subnet_ids": [
              "subnet-0378596f6b4863894"
            ],
            "tags": {
              "auto-delete": "no"
            },
            "tags_all": {
              "auto-delete": "no"
            },
            "taint": [],
            "timeouts": null,
            "update_config": [
              {
                "max_unavailable": 1,
                "max_unavailable_percentage": 0
              }
            ],
            "version": "1.29"
          },
          "sensitive_attributes": [],
          "identity_schema_version": 0,
          "private": "eyJlMmJmYjczMC1lY2FhLTExZTYtOGY4OC0zNDM2M2JjN2M0YzAiOnsiY3JlYXRlIjozNjAwMDAwMDAwMDAwLCJkZWxldGUiOjM2MDAwMDAwMDAwMDAsInVwZGF0ZSI6MzYwMDAwMDAwMDAwMH19",
          "dependencies": [
            "aws_eks_cluster.istanbul",
            "aws_iam_role.cluster",
            "aws_iam_role.node",
            "aws_iam_role_policy_attachment.cluster",
            "aws_iam_role_policy_attachment.node_cni",
            "aws_iam_role_policy_attachment.node_ecr",
            "aws_iam_role_policy_attachment.node_worker",
            "aws_subnet.cp_a",
            "aws_subnet.cp_c",
            "aws_subnet.istanbul",
            "aws_vpc.eks"
          ]
        }
      ]
    },
    {
      "mode": "managed",
      "type": "aws_iam_role",
      "name": "cluster",
      "provider": "provider[\"registry.terraform.io/hashicorp/aws\"]",
      "instances": [
        {
          "schema_version": 0,
          "attributes": {
            "arn": "arn:aws:iam::454809578403:role/eks-istanbul-cluster-role",
            "assume_role_policy": "{\"Statement\":[{\"Action\":\"sts:AssumeRole\",\"Effect\":\"Allow\",\"Principal\":{\"Service\":\"eks.amazonaws.com\"}}],\"Version\":\"2012-10-17\"}",
            "create_date": "2026-05-21T07:34:00Z",
            "description": "",
            "force_detach_policies": false,
            "id": "eks-istanbul-cluster-role",
            "inline_policy": [],
            "managed_policy_arns": [],
            "max_session_duration": 3600,
            "name": "eks-istanbul-cluster-role",
            "name_prefix": "",
            "path": "/",
            "permissions_boundary": "",
            "tags": {
              "auto-delete": "no"
            },
            "tags_all": {
              "auto-delete": "no"
            },
            "unique_id": "AROAWTZGDNORZ2Q53ISMT"
          },
          "sensitive_attributes": [],
          "identity_schema_version": 0,
          "private": "bnVsbA=="
        }
      ]
    },
    {
      "mode": "managed",
      "type": "aws_iam_role",
      "name": "node",
      "provider": "provider[\"registry.terraform.io/hashicorp/aws\"]",
      "instances": [
        {
          "schema_version": 0,
          "attributes": {
            "arn": "arn:aws:iam::454809578403:role/eks-istanbul-node-role",
            "assume_role_policy": "{\"Statement\":[{\"Action\":\"sts:AssumeRole\",\"Effect\":\"Allow\",\"Principal\":{\"Service\":\"ec2.amazonaws.com\"}}],\"Version\":\"2012-10-17\"}",
            "create_date": "2026-05-21T07:34:00Z",
            "description": "",
            "force_detach_policies": false,
            "id": "eks-istanbul-node-role",
            "inline_policy": [],
            "managed_policy_arns": [],
            "max_session_duration": 3600,
            "name": "eks-istanbul-node-role",
            "name_prefix": "",
            "path": "/",
            "permissions_boundary": "",
            "tags": {
              "auto-delete": "no"
            },
            "tags_all": {
              "auto-delete": "no"
            },
            "unique_id": "AROAWTZGDNOR3HOO2TOM2"
          },
          "sensitive_attributes": [],
          "identity_schema_version": 0,
          "private": "bnVsbA=="
        }
      ]
    },
    {
      "mode": "managed",
      "type": "aws_iam_role_policy_attachment",
      "name": "cluster",
      "provider": "provider[\"registry.terraform.io/hashicorp/aws\"]",
      "instances": [
        {
          "schema_version": 0,
          "attributes": {
            "id": "eks-istanbul-cluster-role-20260521073400905500000001",
            "policy_arn": "arn:aws:iam::aws:policy/AmazonEKSClusterPolicy",
            "role": "eks-istanbul-cluster-role"
          },
          "sensitive_attributes": [],
          "identity_schema_version": 0,
          "private": "bnVsbA==",
          "dependencies": [
            "aws_iam_role.cluster"
          ]
        }
      ]
    },
    {
      "mode": "managed",
      "type": "aws_iam_role_policy_attachment",
      "name": "node_cloudwatch",
      "provider": "provider[\"registry.terraform.io/hashicorp/aws\"]",
      "instances": [
        {
          "schema_version": 0,
          "attributes": {
            "id": "eks-istanbul-node-role-20260521073401172900000004",
            "policy_arn": "arn:aws:iam::aws:policy/CloudWatchAgentServerPolicy",
            "role": "eks-istanbul-node-role"
          },
          "sensitive_attributes": [],
          "identity_schema_version": 0,
          "private": "bnVsbA==",
          "dependencies": [
            "aws_iam_role.node"
          ]
        }
      ]
    },
    {
      "mode": "managed",
      "type": "aws_iam_role_policy_attachment",
      "name": "node_cni",
      "provider": "provider[\"registry.terraform.io/hashicorp/aws\"]",
      "instances": [
        {
          "schema_version": 0,
          "attributes": {
            "id": "eks-istanbul-node-role-20260521073401110500000003",
            "policy_arn": "arn:aws:iam::aws:policy/AmazonEKS_CNI_Policy",
            "role": "eks-istanbul-node-role"
          },
          "sensitive_attributes": [],
          "identity_schema_version": 0,
          "private": "bnVsbA==",
          "dependencies": [
            "aws_iam_role.node"
          ]
        }
      ]
    },
    {
      "mode": "managed",
      "type": "aws_iam_role_policy_attachment",
      "name": "node_ecr",
      "provider": "provider[\"registry.terraform.io/hashicorp/aws\"]",
      "instances": [
        {
          "schema_version": 0,
          "attributes": {
            "id": "eks-istanbul-node-role-20260521073400952700000002",
            "policy_arn": "arn:aws:iam::aws:policy/AmazonEC2ContainerRegistryReadOnly",
            "role": "eks-istanbul-node-role"
          },
          "sensitive_attributes": [],
          "identity_schema_version": 0,
          "private": "bnVsbA==",
          "dependencies": [
            "aws_iam_role.node"
          ]
        }
      ]
    },
    {
      "mode": "managed",
      "type": "aws_iam_role_policy_attachment",
      "name": "node_worker",
      "provider": "provider[\"registry.terraform.io/hashicorp/aws\"]",
      "instances": [
        {
          "schema_version": 0,
          "attributes": {
            "id": "eks-istanbul-node-role-20260521073401331900000005",
            "policy_arn": "arn:aws:iam::aws:policy/AmazonEKSWorkerNodePolicy",
            "role": "eks-istanbul-node-role"
          },
          "sensitive_attributes": [],
          "identity_schema_version": 0,
          "private": "bnVsbA==",
          "dependencies": [
            "aws_iam_role.node"
          ]
        }
      ]
    },
    {
      "mode": "managed",
      "type": "aws_internet_gateway",
      "name": "eks",
      "provider": "provider[\"registry.terraform.io/hashicorp/aws\"]",
      "instances": [
        {
          "schema_version": 0,
          "attributes": {
            "arn": "arn:aws:ec2:eu-central-1:454809578403:internet-gateway/igw-057e1e5bd7129e457",
            "id": "igw-057e1e5bd7129e457",
            "owner_id": "454809578403",
            "tags": {
              "Name": "eks-istanbul-igw",
              "auto-delete": "no"
            },
            "tags_all": {
              "Name": "eks-istanbul-igw",
              "auto-delete": "no"
            },
            "timeouts": null,
            "vpc_id": "vpc-08593b30bf1b0b23c"
          },
          "sensitive_attributes": [],
          "identity_schema_version": 0,
          "private": "eyJlMmJmYjczMC1lY2FhLTExZTYtOGY4OC0zNDM2M2JjN2M0YzAiOnsiY3JlYXRlIjoxMjAwMDAwMDAwMDAwLCJkZWxldGUiOjEyMDAwMDAwMDAwMDAsInVwZGF0ZSI6MTIwMDAwMDAwMDAwMH19",
          "dependencies": [
            "aws_vpc.eks"
          ]
        }
      ]
    },
    {
      "mode": "managed",
      "type": "aws_route_table",
      "name": "public",
      "provider": "provider[\"registry.terraform.io/hashicorp/aws\"]",
      "instances": [
        {
          "schema_version": 0,
          "attributes": {
            "arn": "arn:aws:ec2:eu-central-1:454809578403:route-table/rtb-0a5ea944bd3d27805",
            "id": "rtb-0a5ea944bd3d27805",
            "owner_id": "454809578403",
            "propagating_vgws": [],
            "route": [
              {
                "carrier_gateway_id": "",
                "cidr_block": "0.0.0.0/0",
                "core_network_arn": "",
                "destination_prefix_list_id": "",
                "egress_only_gateway_id": "",
                "gateway_id": "igw-057e1e5bd7129e457",
                "ipv6_cidr_block": "",
                "local_gateway_id": "",
                "nat_gateway_id": "",
                "network_interface_id": "",
                "transit_gateway_id": "",
                "vpc_endpoint_id": "",
                "vpc_peering_connection_id": ""
              }
            ],
            "tags": {
              "Name": "eks-istanbul-public-rt",
              "auto-delete": "no"
            },
            "tags_all": {
              "Name": "eks-istanbul-public-rt",
              "auto-delete": "no"
            },
            "timeouts": null,
            "vpc_id": "vpc-08593b30bf1b0b23c"
          },
          "sensitive_attributes": [],
          "identity_schema_version": 0,
          "private": "eyJlMmJmYjczMC1lY2FhLTExZTYtOGY4OC0zNDM2M2JjN2M0YzAiOnsiY3JlYXRlIjozMDAwMDAwMDAwMDAsImRlbGV0ZSI6MzAwMDAwMDAwMDAwLCJ1cGRhdGUiOjEyMDAwMDAwMDAwMH19",
          "dependencies": [
            "aws_internet_gateway.eks",
            "aws_vpc.eks"
          ]
        }
      ]
    },
    {
      "mode": "managed",
      "type": "aws_route_table_association",
      "name": "cp_a",
      "provider": "provider[\"registry.terraform.io/hashicorp/aws\"]",
      "instances": [
        {
          "schema_version": 0,
          "attributes": {
            "gateway_id": "",
            "id": "rtbassoc-098c7333e6cd4b9e3",
            "route_table_id": "rtb-0a5ea944bd3d27805",
            "subnet_id": "subnet-05864f506a8262a22",
            "timeouts": null
          },
          "sensitive_attributes": [],
          "identity_schema_version": 0,
          "private": "eyJlMmJmYjczMC1lY2FhLTExZTYtOGY4OC0zNDM2M2JjN2M0YzAiOnsiY3JlYXRlIjozMDAwMDAwMDAwMDAsImRlbGV0ZSI6MzAwMDAwMDAwMDAwLCJ1cGRhdGUiOjEyMDAwMDAwMDAwMH19",
          "dependencies": [
            "aws_internet_gateway.eks",
            "aws_route_table.public",
            "aws_subnet.cp_a",
            "aws_vpc.eks"
          ]
        }
      ]
    },
    {
      "mode": "managed",
      "type": "aws_route_table_association",
      "name": "cp_c",
      "provider": "provider[\"registry.terraform.io/hashicorp/aws\"]",
      "instances": [
        {
          "schema_version": 0,
          "attributes": {
            "gateway_id": "",
            "id": "rtbassoc-0f296bea70fc97d5b",
            "route_table_id": "rtb-0a5ea944bd3d27805",
            "subnet_id": "subnet-0e086b9b0605ccdc0",
            "timeouts": null
          },
          "sensitive_attributes": [],
          "identity_schema_version": 0,
          "private": "eyJlMmJmYjczMC1lY2FhLTExZTYtOGY4OC0zNDM2M2JjN2M0YzAiOnsiY3JlYXRlIjozMDAwMDAwMDAwMDAsImRlbGV0ZSI6MzAwMDAwMDAwMDAwLCJ1cGRhdGUiOjEyMDAwMDAwMDAwMH19",
          "dependencies": [
            "aws_internet_gateway.eks",
            "aws_route_table.public",
            "aws_subnet.cp_c",
            "aws_vpc.eks"
          ]
        }
      ]
    },
    {
      "mode": "managed",
      "type": "aws_route_table_association",
      "name": "istanbul",
      "provider": "provider[\"registry.terraform.io/hashicorp/aws\"]",
      "instances": [
        {
          "schema_version": 0,
          "attributes": {
            "gateway_id": "",
            "id": "rtbassoc-02b99a00cf6e4c250",
            "route_table_id": "rtb-0a5ea944bd3d27805",
            "subnet_id": "subnet-0378596f6b4863894",
            "timeouts": null
          },
          "sensitive_attributes": [],
          "identity_schema_version": 0,
          "private": "eyJlMmJmYjczMC1lY2FhLTExZTYtOGY4OC0zNDM2M2JjN2M0YzAiOnsiY3JlYXRlIjozMDAwMDAwMDAwMDAsImRlbGV0ZSI6MzAwMDAwMDAwMDAwLCJ1cGRhdGUiOjEyMDAwMDAwMDAwMH19",
          "dependencies": [
            "aws_internet_gateway.eks",
            "aws_route_table.public",
            "aws_subnet.istanbul",
            "aws_vpc.eks"
          ]
        }
      ]
    },
    {
      "mode": "managed",
      "type": "aws_security_group_rule",
      "name": "worker_http_ingress",
      "provider": "provider[\"registry.terraform.io/hashicorp/aws\"]",
      "instances": [
        {
          "schema_version": 2,
          "attributes": {
            "cidr_blocks": [
              "31.223.101.216/32"
            ],
            "description": "Allow HTTP from my IP",
            "from_port": 80,
            "id": "sgrule-2439792365",
            "ipv6_cidr_blocks": null,
            "prefix_list_ids": null,
            "protocol": "tcp",
            "security_group_id": "sg-06c3b2e2b01385369",
            "security_group_rule_id": "sgr-09665ea4fdbe4d112",
            "self": false,
            "source_security_group_id": null,
            "timeouts": null,
            "to_port": 80,
            "type": "ingress"
          },
          "sensitive_attributes": [],
          "identity_schema_version": 0,
          "private": "eyJlMmJmYjczMC1lY2FhLTExZTYtOGY4OC0zNDM2M2JjN2M0YzAiOnsiY3JlYXRlIjozMDAwMDAwMDAwMDB9LCJzY2hlbWFfdmVyc2lvbiI6IjIifQ==",
          "dependencies": [
            "aws_eks_cluster.istanbul",
            "aws_iam_role.cluster",
            "aws_iam_role_policy_attachment.cluster",
            "aws_subnet.cp_a",
            "aws_subnet.cp_c",
            "aws_vpc.eks"
          ]
        }
      ]
    },
    {
      "mode": "managed",
      "type": "aws_security_group_rule",
      "name": "worker_nodeport_ingress",
      "provider": "provider[\"registry.terraform.io/hashicorp/aws\"]",
      "instances": [
        {
          "schema_version": 2,
          "attributes": {
            "cidr_blocks": [
              "31.223.101.216/32"
            ],
            "description": "Allow NodePort range from my IP",
            "from_port": 30000,
            "id": "sgrule-1307793920",
            "ipv6_cidr_blocks": null,
            "prefix_list_ids": null,
            "protocol": "tcp",
            "security_group_id": "sg-06c3b2e2b01385369",
            "security_group_rule_id": "sgr-00c82beb019bbc22d",
            "self": false,
            "source_security_group_id": null,
            "timeouts": null,
            "to_port": 32767,
            "type": "ingress"
          },
          "sensitive_attributes": [],
          "identity_schema_version": 0,
          "private": "eyJlMmJmYjczMC1lY2FhLTExZTYtOGY4OC0zNDM2M2JjN2M0YzAiOnsiY3JlYXRlIjozMDAwMDAwMDAwMDB9LCJzY2hlbWFfdmVyc2lvbiI6IjIifQ==",
          "dependencies": [
            "aws_eks_cluster.istanbul",
            "aws_iam_role.cluster",
            "aws_iam_role_policy_attachment.cluster",
            "aws_subnet.cp_a",
            "aws_subnet.cp_c",
            "aws_vpc.eks"
          ]
        }
      ]
    },
    {
      "mode": "managed",
      "type": "aws_subnet",
      "name": "cp_a",
      "provider": "provider[\"registry.terraform.io/hashicorp/aws\"]",
      "instances": [
        {
          "schema_version": 1,
          "attributes": {
            "arn": "arn:aws:ec2:eu-central-1:454809578403:subnet/subnet-05864f506a8262a22",
            "assign_ipv6_address_on_creation": false,
            "availability_zone": "eu-central-1a",
            "availability_zone_id": "euc1-az2",
            "cidr_block": "10.20.1.0/24",
            "customer_owned_ipv4_pool": "",
            "enable_dns64": false,
            "enable_lni_at_device_index": 0,
            "enable_resource_name_dns_a_record_on_launch": false,
            "enable_resource_name_dns_aaaa_record_on_launch": false,
            "id": "subnet-05864f506a8262a22",
            "ipv6_cidr_block": "",
            "ipv6_cidr_block_association_id": "",
            "ipv6_native": false,
            "map_customer_owned_ip_on_launch": false,
            "map_public_ip_on_launch": true,
            "outpost_arn": "",
            "owner_id": "454809578403",
            "private_dns_hostname_type_on_launch": "ip-name",
            "tags": {
              "Name": "eks-istanbul-cp-euc1a",
              "auto-delete": "no"
            },
            "tags_all": {
              "Name": "eks-istanbul-cp-euc1a",
              "auto-delete": "no"
            },
            "timeouts": null,
            "vpc_id": "vpc-08593b30bf1b0b23c"
          },
          "sensitive_attributes": [],
          "identity_schema_version": 0,
          "private": "eyJlMmJmYjczMC1lY2FhLTExZTYtOGY4OC0zNDM2M2JjN2M0YzAiOnsiY3JlYXRlIjo2MDAwMDAwMDAwMDAsImRlbGV0ZSI6MTIwMDAwMDAwMDAwMH0sInNjaGVtYV92ZXJzaW9uIjoiMSJ9",
          "dependencies": [
            "aws_vpc.eks"
          ]
        }
      ]
    },
    {
      "mode": "managed",
      "type": "aws_subnet",
      "name": "cp_c",
      "provider": "provider[\"registry.terraform.io/hashicorp/aws\"]",
      "instances": [
        {
          "schema_version": 1,
          "attributes": {
            "arn": "arn:aws:ec2:eu-central-1:454809578403:subnet/subnet-0e086b9b0605ccdc0",
            "assign_ipv6_address_on_creation": false,
            "availability_zone": "eu-central-1c",
            "availability_zone_id": "euc1-az1",
            "cidr_block": "10.20.2.0/24",
            "customer_owned_ipv4_pool": "",
            "enable_dns64": false,
            "enable_lni_at_device_index": 0,
            "enable_resource_name_dns_a_record_on_launch": false,
            "enable_resource_name_dns_aaaa_record_on_launch": false,
            "id": "subnet-0e086b9b0605ccdc0",
            "ipv6_cidr_block": "",
            "ipv6_cidr_block_association_id": "",
            "ipv6_native": false,
            "map_customer_owned_ip_on_launch": false,
            "map_public_ip_on_launch": true,
            "outpost_arn": "",
            "owner_id": "454809578403",
            "private_dns_hostname_type_on_launch": "ip-name",
            "tags": {
              "Name": "eks-istanbul-cp-euc1c",
              "auto-delete": "no"
            },
            "tags_all": {
              "Name": "eks-istanbul-cp-euc1c",
              "auto-delete": "no"
            },
            "timeouts": null,
            "vpc_id": "vpc-08593b30bf1b0b23c"
          },
          "sensitive_attributes": [],
          "identity_schema_version": 0,
          "private": "eyJlMmJmYjczMC1lY2FhLTExZTYtOGY4OC0zNDM2M2JjN2M0YzAiOnsiY3JlYXRlIjo2MDAwMDAwMDAwMDAsImRlbGV0ZSI6MTIwMDAwMDAwMDAwMH0sInNjaGVtYV92ZXJzaW9uIjoiMSJ9",
          "dependencies": [
            "aws_vpc.eks"
          ]
        }
      ]
    },
    {
      "mode": "managed",
      "type": "aws_subnet",
      "name": "istanbul",
      "provider": "provider[\"registry.terraform.io/hashicorp/aws\"]",
      "instances": [
        {
          "schema_version": 1,
          "attributes": {
            "arn": "arn:aws:ec2:eu-central-1:454809578403:subnet/subnet-0378596f6b4863894",
            "assign_ipv6_address_on_creation": false,
            "availability_zone": "eu-central-1-ist-1a",
            "availability_zone_id": "euc1-ist1-az1",
            "cidr_block": "10.20.10.0/24",
            "customer_owned_ipv4_pool": "",
            "enable_dns64": false,
            "enable_lni_at_device_index": 0,
            "enable_resource_name_dns_a_record_on_launch": false,
            "enable_resource_name_dns_aaaa_record_on_launch": false,
            "id": "subnet-0378596f6b4863894",
            "ipv6_cidr_block": "",
            "ipv6_cidr_block_association_id": "",
            "ipv6_native": false,
            "map_customer_owned_ip_on_launch": false,
            "map_public_ip_on_launch": true,
            "outpost_arn": "",
            "owner_id": "454809578403",
            "private_dns_hostname_type_on_launch": "ip-name",
            "tags": {
              "Name": "eks-istanbul-workers-istanbul",
              "auto-delete": "no"
            },
            "tags_all": {
              "Name": "eks-istanbul-workers-istanbul",
              "auto-delete": "no"
            },
            "timeouts": null,
            "vpc_id": "vpc-08593b30bf1b0b23c"
          },
          "sensitive_attributes": [],
          "identity_schema_version": 0,
          "private": "eyJlMmJmYjczMC1lY2FhLTExZTYtOGY4OC0zNDM2M2JjN2M0YzAiOnsiY3JlYXRlIjo2MDAwMDAwMDAwMDAsImRlbGV0ZSI6MTIwMDAwMDAwMDAwMH0sInNjaGVtYV92ZXJzaW9uIjoiMSJ9",
          "dependencies": [
            "aws_vpc.eks"
          ]
        }
      ]
    },
    {
      "mode": "managed",
      "type": "aws_vpc",
      "name": "eks",
      "provider": "provider[\"registry.terraform.io/hashicorp/aws\"]",
      "instances": [
        {
          "schema_version": 1,
          "attributes": {
            "arn": "arn:aws:ec2:eu-central-1:454809578403:vpc/vpc-08593b30bf1b0b23c",
            "assign_generated_ipv6_cidr_block": false,
            "cidr_block": "10.20.0.0/16",
            "default_network_acl_id": "acl-01388d0779a1f950a",
            "default_route_table_id": "rtb-0c96770ee233023b1",
            "default_security_group_id": "sg-0d536e9b10e0c8ceb",
            "dhcp_options_id": "dopt-08b577609bb955b16",
            "enable_dns_hostnames": true,
            "enable_dns_support": true,
            "enable_network_address_usage_metrics": false,
            "id": "vpc-08593b30bf1b0b23c",
            "instance_tenancy": "default",
            "ipv4_ipam_pool_id": null,
            "ipv4_netmask_length": null,
            "ipv6_association_id": "",
            "ipv6_cidr_block": "",
            "ipv6_cidr_block_network_border_group": "",
            "ipv6_ipam_pool_id": "",
            "ipv6_netmask_length": 0,
            "main_route_table_id": "rtb-0c96770ee233023b1",
            "owner_id": "454809578403",
            "tags": {
              "Name": "eks-istanbul-vpc",
              "auto-delete": "no"
            },
            "tags_all": {
              "Name": "eks-istanbul-vpc",
              "auto-delete": "no"
            }
          },
          "sensitive_attributes": [],
          "identity_schema_version": 0,
          "private": "eyJzY2hlbWFfdmVyc2lvbiI6IjEifQ=="
        }
      ]
    }
  ],
  "check_results": null
}
